
Microsoft Visual Studio Solution File, Format Version 11.00
# Visual Studio 2010
Project("{2150E333-8FDC-42A3-9474-1A3956D46DE8}") = "Server", "Server", "{D5B49FB9-FC9C-418E-8387-56689528B162}"
EndProject
Project("{2150E333-8FDC-42A3-9474-1A3956D46DE8}") = "Client", "Client", "{C511DAC3-27AC-4392-A260-4346BCC8F2B6}"
EndProject
Project("{FAE04EC0-301F-11D3-BF4B-00C04F79EFBC}") = "API", "API\API.csproj", "{9B7235AE-4B6C-47F3-A3A5-E1832EC890A4}"
EndProject
Project("{FAE04EC0-301F-11D3-BF4B-00C04F79EFBC}") = "API_DLL", "API_DLL\API_DLL.csproj", "{4F0D8B81-4871-4958-93B3-A5BE98175787}"
EndProject
Project("{FAE04EC0-301F-11D3-BF4B-00C04F79EFBC}") = "TestAPI_DLL", "TestAPI_DLL\TestAPI_DLL.csproj", "{C30D63AE-FCAE-4138-8CCC-7F7F84EF1FCB}"
EndProject
Global
	GlobalSection(TestCaseManagementSettings) = postSolution
		CategoryFile = SearchHelper.vsmdi
	EndGlobalSection
	GlobalSection(SolutionConfigurationPlatforms) = preSolution
		Debug|Any CPU = Debug|Any CPU
		Debug|Mixed Platforms = Debug|Mixed Platforms
		Debug|x86 = Debug|x86
		Release|Any CPU = Release|Any CPU
		Release|Mixed Platforms = Release|Mixed Platforms
		Release|x86 = Release|x86
	EndGlobalSection
	GlobalSection(ProjectConfigurationPlatforms) = postSolution
		{9B7235AE-4B6C-47F3-A3A5-E1832EC890A4}.Debug|Any CPU.ActiveCfg = Debug|Any CPU
		{9B7235AE-4B6C-47F3-A3A5-E1832EC890A4}.Debug|Any CPU.Build.0 = Debug|Any CPU
		{9B7235AE-4B6C-47F3-A3A5-E1832EC890A4}.Debug|Mixed Platforms.ActiveCfg = Debug|Any CPU
		{9B7235AE-4B6C-47F3-A3A5-E1832EC890A4}.Debug|Mixed Platforms.Build.0 = Debug|Any CPU
		{9B7235AE-4B6C-47F3-A3A5-E1832EC890A4}.Debug|x86.ActiveCfg = Debug|Any CPU
		{9B7235AE-4B6C-47F3-A3A5-E1832EC890A4}.Release|Any CPU.ActiveCfg = Release|Any CPU
		{9B7235AE-4B6C-47F3-A3A5-E1832EC890A4}.Release|Any CPU.Build.0 = Release|Any CPU
		{9B7235AE-4B6C-47F3-A3A5-E1832EC890A4}.Release|Mixed Platforms.ActiveCfg = Release|Any CPU
		{9B7235AE-4B6C-47F3-A3A5-E1832EC890A4}.Release|Mixed Platforms.Build.0 = Release|Any CPU
		{9B7235AE-4B6C-47F3-A3A5-E1832EC890A4}.Release|x86.ActiveCfg = Release|Any CPU
		{4F0D8B81-4871-4958-93B3-A5BE98175787}.Debug|Any CPU.ActiveCfg = Debug|x86
		{4F0D8B81-4871-4958-93B3-A5BE98175787}.Debug|Mixed Platforms.ActiveCfg = Debug|x86
		{4F0D8B81-4871-4958-93B3-A5BE98175787}.Debug|Mixed Platforms.Build.0 = Debug|x86
		{4F0D8B81-4871-4958-93B3-A5BE98175787}.Debug|x86.ActiveCfg = Debug|x86
		{4F0D8B81-4871-4958-93B3-A5BE98175787}.Debug|x86.Build.0 = Debug|x86
		{4F0D8B81-4871-4958-93B3-A5BE98175787}.Release|Any CPU.ActiveCfg = Release|x86
		{4F0D8B81-4871-4958-93B3-A5BE98175787}.Release|Mixed Platforms.ActiveCfg = Release|x86
		{4F0D8B81-4871-4958-93B3-A5BE98175787}.Release|Mixed Platforms.Build.0 = Release|x86
		{4F0D8B81-4871-4958-93B3-A5BE98175787}.Release|x86.ActiveCfg = Release|x86
		{4F0D8B81-4871-4958-93B3-A5BE98175787}.Release|x86.Build.0 = Release|x86
		{C30D63AE-FCAE-4138-8CCC-7F7F84EF1FCB}.Debug|Any CPU.ActiveCfg = Debug|Any CPU
		{C30D63AE-FCAE-4138-8CCC-7F7F84EF1FCB}.Debug|Any CPU.Build.0 = Debug|Any CPU
		{C30D63AE-FCAE-4138-8CCC-7F7F84EF1FCB}.Debug|Mixed Platforms.ActiveCfg = Debug|Any CPU
		{C30D63AE-FCAE-4138-8CCC-7F7F84EF1FCB}.Debug|Mixed Platforms.Build.0 = Debug|Any CPU
		{C30D63AE-FCAE-4138-8CCC-7F7F84EF1FCB}.Debug|x86.ActiveCfg = Debug|Any CPU
		{C30D63AE-FCAE-4138-8CCC-7F7F84EF1FCB}.Release|Any CPU.ActiveCfg = Release|Any CPU
		{C30D63AE-FCAE-4138-8CCC-7F7F84EF1FCB}.Release|Any CPU.Build.0 = Release|Any CPU
		{C30D63AE-FCAE-4138-8CCC-7F7F84EF1FCB}.Release|Mixed Platforms.ActiveCfg = Release|Any CPU
		{C30D63AE-FCAE-4138-8CCC-7F7F84EF1FCB}.Release|Mixed Platforms.Build.0 = Release|Any CPU
		{C30D63AE-FCAE-4138-8CCC-7F7F84EF1FCB}.Release|x86.ActiveCfg = Release|Any CPU
	EndGlobalSection
	GlobalSection(SolutionProperties) = preSolution
		HideSolutionNode = FALSE
	EndGlobalSection
	GlobalSection(NestedProjects) = preSolution
		{9B7235AE-4B6C-47F3-A3A5-E1832EC890A4} = {D5B49FB9-FC9C-418E-8387-56689528B162}
		{4F0D8B81-4871-4958-93B3-A5BE98175787} = {D5B49FB9-FC9C-418E-8387-56689528B162}
	EndGlobalSection
EndGlobal
